
Microsoft Visual Studio Solution File, Format Version 12.00
# Visual Studio Version 17
VisualStudioVersion = 17.6.33815.320
MinimumVisualStudioVersion = 10.0.40219.1
Project("{9A19103F-16F7-4668-BE54-9A1E7A4F7556}") = "Workspace", "Workspace\Workspace.csproj", "{0EFE1748-5445-4505-A3CE-3B55898F82B9}"
EndProject
Project("{FAE04EC0-301F-11D3-BF4B-00C04F79EFBC}") = "Entities", "Entities\Entities.csproj", "{4D1F5457-55CD-4B2F-83B3-3E72C66170DC}"
EndProject
Project("{FAE04EC0-301F-11D3-BF4B-00C04F79EFBC}") = "Business", "Business\Business.csproj", "{88F8CE3B-DBD7-455C-9D13-08C7BA7F7CDB}"
EndProject
Global
	GlobalSection(SolutionConfigurationPlatforms) = preSolution
		Debug|Any CPU = Debug|Any CPU
		Release|Any CPU = Release|Any CPU
	EndGlobalSection
	GlobalSection(ProjectConfigurationPlatforms) = postSolution
		{0EFE1748-5445-4505-A3CE-3B55898F82B9}.Debug|Any CPU.ActiveCfg = Debug|Any CPU
		{0EFE1748-5445-4505-A3CE-3B55898F82B9}.Debug|Any CPU.Build.0 = Debug|Any CPU
		{0EFE1748-5445-4505-A3CE-3B55898F82B9}.Release|Any CPU.ActiveCfg = Release|Any CPU
		{0EFE1748-5445-4505-A3CE-3B55898F82B9}.Release|Any CPU.Build.0 = Release|Any CPU
		{4D1F5457-55CD-4B2F-83B3-3E72C66170DC}.Debug|Any CPU.ActiveCfg = Debug|Any CPU
		{4D1F5457-55CD-4B2F-83B3-3E72C66170DC}.Debug|Any CPU.Build.0 = Debug|Any CPU
		{4D1F5457-55CD-4B2F-83B3-3E72C66170DC}.Release|Any CPU.ActiveCfg = Release|Any CPU
		{4D1F5457-55CD-4B2F-83B3-3E72C66170DC}.Release|Any CPU.Build.0 = Release|Any CPU
		{88F8CE3B-DBD7-455C-9D13-08C7BA7F7CDB}.Debug|Any CPU.ActiveCfg = Debug|Any CPU
		{88F8CE3B-DBD7-455C-9D13-08C7BA7F7CDB}.Debug|Any CPU.Build.0 = Debug|Any CPU
		{88F8CE3B-DBD7-455C-9D13-08C7BA7F7CDB}.Release|Any CPU.ActiveCfg = Release|Any CPU
		{88F8CE3B-DBD7-455C-9D13-08C7BA7F7CDB}.Release|Any CPU.Build.0 = Release|Any CPU
	EndGlobalSection
	GlobalSection(SolutionProperties) = preSolution
		HideSolutionNode = FALSE
	EndGlobalSection
	GlobalSection(ExtensibilityGlobals) = postSolution
		SolutionGuid = {B5951672-A527-4407-9527-57544137E171}
	EndGlobalSection
EndGlobal
